{
  "name": "food-handlers",
  "version": "1.0.0",
  "lockfileVersion": 1,
  "requires": true,
  "dependencies": {
    "csv": {
      "version": "5.5.0",
      "resolved": "https://registry.npmjs.org/csv/-/csv-5.5.0.tgz",
      "integrity": "sha512-32tcuxdb4HW3zbk8NBcVQb8/7xuJB5sv+q4BuQ6++E/K6JvHvWoCHcGzB5Au95vVikNH4ztE0XNC/Bws950cfA==",
      "requires": {
        "csv-generate": "^3.4.0",
        "csv-parse": "^4.15.3",
        "csv-stringify": "^5.6.2",
        "stream-transform": "^2.1.0"
      }
    },
    "csv-generate": {
      "version": "3.4.0",
      "resolved": "https://registry.npmjs.org/csv-generate/-/csv-generate-3.4.0.tgz",
      "integrity": "sha512-D6yi7c6lL70cpTx3TQIVWKrfxuLiKa0pBizu0zi7fSRXlhmE7u674gk9k1IjCEnxKq2t6xzbXnxcOmSdBbE8vQ=="
    },
    "csv-parse": {
      "version": "4.16.0",
      "resolved": "https://registry.npmjs.org/csv-parse/-/csv-parse-4.16.0.tgz",
      "integrity": "sha512-Zb4tGPANH4SW0LgC9+s9Mnequs9aqn7N3/pCqNbVjs2XhEF6yWNU2Vm4OGl1v2Go9nw8rXt87Cm2QN/o6Vpqgg=="
    },
    "csv-stringify": {
      "version": "5.6.2",
      "resolved": "https://registry.npmjs.org/csv-stringify/-/csv-stringify-5.6.2.tgz",
      "integrity": "sha512-n3rIVbX6ylm1YsX2NEug9IaPV8xRnT+9/NNZbrA/bcHgOSSeqtWla6XnI/xmyu57wIw+ASCAoX1oM6EZtqJV0A=="
    },
    "mixme": {
      "version": "0.5.1",
      "resolved": "https://registry.npmjs.org/mixme/-/mixme-0.5.1.tgz",
      "integrity": "sha512-NaeZIckeBFT7i0XBEpGyFcAE0/bLcQ9MHErTpnU3bLWVE5WZbxG5Y3fDsMxYGifTo5khDA42OquXCC2ngKJB+g=="
    },
    "sax": {
      "version": "1.2.4",
      "resolved": "https://registry.npmjs.org/sax/-/sax-1.2.4.tgz",
      "integrity": "sha512-NqVDv9TpANUjFm0N8uM5GxL36UgKi9/atZw+x7YFnQ8ckwFGKrl4xX4yWtrey3UJm5nP1kUbnYgLopqWNSRhWw=="
    },
    "stream-transform": {
      "version": "2.1.0",
      "resolved": "https://registry.npmjs.org/stream-transform/-/stream-transform-2.1.0.tgz",
      "integrity": "sha512-bwQO+75rzQbug7e5OOHnOR3FgbJ0fCjHmDIdynkwUaFzleBXugGmv2dx3sX3aIHUQRLjrcisRPgN9BWl63uGgw==",
      "requires": {
        "mixme": "^0.5.0"
      }
    },
    "xml2js": {
      "version": "0.4.23",
      "resolved": "https://registry.npmjs.org/xml2js/-/xml2js-0.4.23.tgz",
      "integrity": "sha512-ySPiMjM0+pLDftHgXY4By0uswI3SPKLDw/i3UXbnO8M/p28zqexCUoPmQFrYD+/1BzhGJSs2i1ERWKJAtiLrug==",
      "requires": {
        "sax": ">=0.6.0",
        "xmlbuilder": "~11.0.0"
      }
    },
    "xmlbuilder": {
      "version": "11.0.1",
      "resolved": "https://registry.npmjs.org/xmlbuilder/-/xmlbuilder-11.0.1.tgz",
      "integrity": "sha512-fDlsI/kFEx7gLvbecc0/ohLG50fugQp8ryHzMTuW9vSa1GJ0XYWKnhsUx7oie3G98+r56aTQIUB4kht42R3JvA=="
    }
  }
}
